
Microsoft Visual Studio Solution File, Format Version 12.00
# Visual Studio 15
VisualStudioVersion = 15.0.27004.2005
MinimumVisualStudioVersion = 10.0.40219.1
Project("{FAE04EC0-301F-11D3-BF4B-00C04F79EFBC}") = "PublicTransportSystem", "PublicTransportSystem\PublicTransportSystem.csproj", "{C0CB3D95-50EB-49B1-B93E-8829633EDFAE}"
EndProject
Global
	GlobalSection(SolutionConfigurationPlatforms) = preSolution
		Debug|Any CPU = Debug|Any CPU
		Release|Any CPU = Release|Any CPU
	EndGlobalSection
	GlobalSection(ProjectConfigurationPlatforms) = postSolution
		{C0CB3D95-50EB-49B1-B93E-8829633EDFAE}.Debug|Any CPU.ActiveCfg = Debug|Any CPU
		{C0CB3D95-50EB-49B1-B93E-8829633EDFAE}.Debug|Any CPU.Build.0 = Debug|Any CPU
		{C0CB3D95-50EB-49B1-B93E-8829633EDFAE}.Release|Any CPU.ActiveCfg = Release|Any CPU
		{C0CB3D95-50EB-49B1-B93E-8829633EDFAE}.Release|Any CPU.Build.0 = Release|Any CPU
	EndGlobalSection
	GlobalSection(SolutionProperties) = preSolution
		HideSolutionNode = FALSE
	EndGlobalSection
	GlobalSection(ExtensibilityGlobals) = postSolution
		SolutionGuid = {99BAAD08-C7A2-48A3-AF97-334C17744957}
	EndGlobalSection
EndGlobal
